
Microsoft Visual Studio Solution File, Format Version 12.00
# Visual Studio Version 16
VisualStudioVersion = 25.0.1706.0
MinimumVisualStudioVersion = 10.0.40219.1
Project("{FAE04EC0-301F-11D3-BF4B-00C04F79EFBC}") = "Programnew.cs", "Programnew.cs\Programnew.cs.csproj", "{9B61922C-FA7A-4058-A9D9-76574B1D1C2D}"
EndProject
Global
	GlobalSection(SolutionConfigurationPlatforms) = preSolution
		Debug|Any CPU = Debug|Any CPU
		Release|Any CPU = Release|Any CPU
	EndGlobalSection
	GlobalSection(ProjectConfigurationPlatforms) = postSolution
		{9B61922C-FA7A-4058-A9D9-76574B1D1C2D}.Debug|Any CPU.ActiveCfg = Debug|Any CPU
		{9B61922C-FA7A-4058-A9D9-76574B1D1C2D}.Debug|Any CPU.Build.0 = Debug|Any CPU
		{9B61922C-FA7A-4058-A9D9-76574B1D1C2D}.Release|Any CPU.ActiveCfg = Release|Any CPU
		{9B61922C-FA7A-4058-A9D9-76574B1D1C2D}.Release|Any CPU.Build.0 = Release|Any CPU
	EndGlobalSection
	GlobalSection(SolutionProperties) = preSolution
		HideSolutionNode = FALSE
	EndGlobalSection
	GlobalSection(ExtensibilityGlobals) = postSolution
		SolutionGuid = {1B0AE1AD-EC8C-482A-956A-F3449562F5A1}
	EndGlobalSection
EndGlobal
